
Microsoft Visual Studio Solution File, Format Version 12.00
# Visual Studio Version 17
VisualStudioVersion = 17.3.32811.315
MinimumVisualStudioVersion = 10.0.40219.1
Project("{FAE04EC0-301F-11D3-BF4B-00C04F79EFBC}") = "EuphoriaShop", "EuphoriaShop.csproj", "{B32DA53B-5317-4BDA-BEA0-355D44ED888B}"
EndProject
Global
	GlobalSection(SolutionConfigurationPlatforms) = preSolution
		Debug|Any CPU = Debug|Any CPU
		Release|Any CPU = Release|Any CPU
	EndGlobalSection
	GlobalSection(ProjectConfigurationPlatforms) = postSolution
		{B32DA53B-5317-4BDA-BEA0-355D44ED888B}.Debug|Any CPU.ActiveCfg = Debug|Any CPU
		{B32DA53B-5317-4BDA-BEA0-355D44ED888B}.Debug|Any CPU.Build.0 = Debug|Any CPU
		{B32DA53B-5317-4BDA-BEA0-355D44ED888B}.Release|Any CPU.ActiveCfg = Release|Any CPU
		{B32DA53B-5317-4BDA-BEA0-355D44ED888B}.Release|Any CPU.Build.0 = Release|Any CPU
	EndGlobalSection
	GlobalSection(SolutionProperties) = preSolution
		HideSolutionNode = FALSE
	EndGlobalSection
	GlobalSection(ExtensibilityGlobals) = postSolution
		SolutionGuid = {2F01BB51-8C02-4D23-B9D8-72CF3D5A041A}
	EndGlobalSection
EndGlobal
